
Microsoft Visual Studio Solution File, Format Version 12.00
# Visual Studio Version 17
VisualStudioVersion = 17.8.34322.80
MinimumVisualStudioVersion = 10.0.40219.1
Project("{9A19103F-16F7-4668-BE54-9A1E7A4F7556}") = "DevGuru.Core", "DevGuru.Core\DevGuru.Core.csproj", "{C80098C1-EB12-444D-96FB-B929C76EBBAA}"
EndProject
Project("{9A19103F-16F7-4668-BE54-9A1E7A4F7556}") = "DevGuru.Patterns", "DevGuru.Patterns\DevGuru.Patterns.csproj", "{F231F0F5-B0EF-443D-A221-C83504CC74E9}"
EndProject
Project("{9A19103F-16F7-4668-BE54-9A1E7A4F7556}") = "DevGuru.Console", "DevGuru.Console\DevGuru.Console.csproj", "{1CD7F9E1-0028-45E9-A7BC-D012FFDAFB7A}"
EndProject
Global
	GlobalSection(SolutionConfigurationPlatforms) = preSolution
		Debug|Any CPU = Debug|Any CPU
		Release|Any CPU = Release|Any CPU
	EndGlobalSection
	GlobalSection(ProjectConfigurationPlatforms) = postSolution
		{C80098C1-EB12-444D-96FB-B929C76EBBAA}.Debug|Any CPU.ActiveCfg = Debug|Any CPU
		{C80098C1-EB12-444D-96FB-B929C76EBBAA}.Debug|Any CPU.Build.0 = Debug|Any CPU
		{C80098C1-EB12-444D-96FB-B929C76EBBAA}.Release|Any CPU.ActiveCfg = Release|Any CPU
		{C80098C1-EB12-444D-96FB-B929C76EBBAA}.Release|Any CPU.Build.0 = Release|Any CPU
		{F231F0F5-B0EF-443D-A221-C83504CC74E9}.Debug|Any CPU.ActiveCfg = Debug|Any CPU
		{F231F0F5-B0EF-443D-A221-C83504CC74E9}.Debug|Any CPU.Build.0 = Debug|Any CPU
		{F231F0F5-B0EF-443D-A221-C83504CC74E9}.Release|Any CPU.ActiveCfg = Release|Any CPU
		{F231F0F5-B0EF-443D-A221-C83504CC74E9}.Release|Any CPU.Build.0 = Release|Any CPU
		{1CD7F9E1-0028-45E9-A7BC-D012FFDAFB7A}.Debug|Any CPU.ActiveCfg = Debug|Any CPU
		{1CD7F9E1-0028-45E9-A7BC-D012FFDAFB7A}.Debug|Any CPU.Build.0 = Debug|Any CPU
		{1CD7F9E1-0028-45E9-A7BC-D012FFDAFB7A}.Release|Any CPU.ActiveCfg = Release|Any CPU
		{1CD7F9E1-0028-45E9-A7BC-D012FFDAFB7A}.Release|Any CPU.Build.0 = Release|Any CPU
	EndGlobalSection
	GlobalSection(SolutionProperties) = preSolution
		HideSolutionNode = FALSE
	EndGlobalSection
	GlobalSection(ExtensibilityGlobals) = postSolution
		SolutionGuid = {C1D99454-7AEB-4CE7-90D9-23507D877F25}
	EndGlobalSection
EndGlobal
